
Microsoft Visual Studio Solution File, Format Version 12.00
# Visual Studio Version 17
VisualStudioVersion = 17.8.34511.84
MinimumVisualStudioVersion = 10.0.40219.1
Project("{FAE04EC0-301F-11D3-BF4B-00C04F79EFBC}") = "ca3 solution 2025", "ca3 solution 2025\ca3 solution 2025.csproj", "{C3A4EF1F-3140-4AE5-9DAD-925A60FD744C}"
EndProject
Global
	GlobalSection(SolutionConfigurationPlatforms) = preSolution
		Debug|Any CPU = Debug|Any CPU
		Release|Any CPU = Release|Any CPU
	EndGlobalSection
	GlobalSection(ProjectConfigurationPlatforms) = postSolution
		{C3A4EF1F-3140-4AE5-9DAD-925A60FD744C}.Debug|Any CPU.ActiveCfg = Debug|Any CPU
		{C3A4EF1F-3140-4AE5-9DAD-925A60FD744C}.Debug|Any CPU.Build.0 = Debug|Any CPU
		{C3A4EF1F-3140-4AE5-9DAD-925A60FD744C}.Release|Any CPU.ActiveCfg = Release|Any CPU
		{C3A4EF1F-3140-4AE5-9DAD-925A60FD744C}.Release|Any CPU.Build.0 = Release|Any CPU
	EndGlobalSection
	GlobalSection(SolutionProperties) = preSolution
		HideSolutionNode = FALSE
	EndGlobalSection
	GlobalSection(ExtensibilityGlobals) = postSolution
		SolutionGuid = {343F7508-AE07-4E6D-8DE0-27CAC36B60A0}
	EndGlobalSection
EndGlobal
